<?xml version="1.0" encoding="utf-8"?>
<Project ToolsVersion="4.0" xmlns="http://schemas.microsoft.com/developer/msbuild/2003">
  <ItemGroup>
    <Filter Include="Basket">
      <UniqueIdentifier>{5FABEFA8-4B4D-1A7F-3408-2ED32049A1CF}</UniqueIdentifier>
    </Filter>
  </ItemGroup>
  <ItemGroup>
    <ClInclude Include="src\Basket.h" />
    <ClInclude Include="src\Basket\Application.h">
      <Filter>Basket</Filter>
    </ClInclude>
    <ClInclude Include="src\Basket\BasketCore.h">
      <Filter>Basket</Filter>
    </ClInclude>
    <ClInclude Include="src\Basket\EntryPoint.h">
      <Filter>Basket</Filter>
    </ClInclude>
    <ClInclude Include="src\Basket\Log.h">
      <Filter>Basket</Filter>
    </ClInclude>
  </ItemGroup>
  <ItemGroup>
    <ClCompile Include="src\Basket\Application.cpp">
      <Filter>Basket</Filter>
    </ClCompile>
    <ClCompile Include="src\Basket\Log.cpp">
      <Filter>Basket</Filter>
    </ClCompile>
  </ItemGroup>
</Project>